
Microsoft Visual Studio Solution File, Format Version 12.00
# Visual Studio Version 17
VisualStudioVersion = 17.5.33530.505
MinimumVisualStudioVersion = 10.0.40219.1
Project("{9A19103F-16F7-4668-BE54-9A1E7A4F7556}") = "D4Companion", "D4Companion\D4Companion.csproj", "{676DAFF2-479F-4DDF-ACC0-461FD91C34AD}"
EndProject
Project("{9A19103F-16F7-4668-BE54-9A1E7A4F7556}") = "D4Companion.Constants", "D4Companion.Constants\D4Companion.Constants.csproj", "{245AD371-A625-46AD-8060-919A1E99F87A}"
EndProject
Project("{9A19103F-16F7-4668-BE54-9A1E7A4F7556}") = "D4Companion.Entities", "D4Companion.Entities\D4Companion.Entities.csproj", "{21F380A7-7BD7-4321-BEC0-74D05FB83E88}"
EndProject
Project("{9A19103F-16F7-4668-BE54-9A1E7A4F7556}") = "D4Companion.Events", "D4Companion.Events\D4Companion.Events.csproj", "{D8126091-DE36-4B60-8AAA-FFB2A887EF81}"
EndProject
Project("{9A19103F-16F7-4668-BE54-9A1E7A4F7556}") = "D4Companion.Helpers", "D4Companion.Helpers\D4Companion.Helpers.csproj", "{D91AF6A3-81AE-4FAD-AF71-093803C2B445}"
EndProject
Project("{9A19103F-16F7-4668-BE54-9A1E7A4F7556}") = "D4Companion.Interfaces", "D4Companion.Interfaces\D4Companion.Interfaces.csproj", "{CDE25EFA-F69C-4196-8FD2-7CE4FBEC567B}"
EndProject
Project("{9A19103F-16F7-4668-BE54-9A1E7A4F7556}") = "D4Companion.Services", "D4Companion.Services\D4Companion.Services.csproj", "{C2E60703-60E8-4C11-BAFA-0E68053F50B0}"
EndProject
Project("{FAE04EC0-301F-11D3-BF4B-00C04F79EFBC}") = "D4Companion.Updater", "D4Companion.Updater\D4Companion.Updater.csproj", "{751F3AB1-4780-41F7-80E5-7AB8424CC59C}"
EndProject
Global
	GlobalSection(SolutionConfigurationPlatforms) = preSolution
		Debug|Any CPU = Debug|Any CPU
		Release|Any CPU = Release|Any CPU
	EndGlobalSection
	GlobalSection(ProjectConfigurationPlatforms) = postSolution
		{676DAFF2-479F-4DDF-ACC0-461FD91C34AD}.Debug|Any CPU.ActiveCfg = Debug|Any CPU
		{676DAFF2-479F-4DDF-ACC0-461FD91C34AD}.Debug|Any CPU.Build.0 = Debug|Any CPU
		{676DAFF2-479F-4DDF-ACC0-461FD91C34AD}.Release|Any CPU.ActiveCfg = Release|Any CPU
		{676DAFF2-479F-4DDF-ACC0-461FD91C34AD}.Release|Any CPU.Build.0 = Release|Any CPU
		{245AD371-A625-46AD-8060-919A1E99F87A}.Debug|Any CPU.ActiveCfg = Debug|Any CPU
		{245AD371-A625-46AD-8060-919A1E99F87A}.Debug|Any CPU.Build.0 = Debug|Any CPU
		{245AD371-A625-46AD-8060-919A1E99F87A}.Release|Any CPU.ActiveCfg = Release|Any CPU
		{245AD371-A625-46AD-8060-919A1E99F87A}.Release|Any CPU.Build.0 = Release|Any CPU
		{21F380A7-7BD7-4321-BEC0-74D05FB83E88}.Debug|Any CPU.ActiveCfg = Debug|Any CPU
		{21F380A7-7BD7-4321-BEC0-74D05FB83E88}.Debug|Any CPU.Build.0 = Debug|Any CPU
		{21F380A7-7BD7-4321-BEC0-74D05FB83E88}.Release|Any CPU.ActiveCfg = Release|Any CPU
		{21F380A7-7BD7-4321-BEC0-74D05FB83E88}.Release|Any CPU.Build.0 = Release|Any CPU
		{D8126091-DE36-4B60-8AAA-FFB2A887EF81}.Debug|Any CPU.ActiveCfg = Debug|Any CPU
		{D8126091-DE36-4B60-8AAA-FFB2A887EF81}.Debug|Any CPU.Build.0 = Debug|Any CPU
		{D8126091-DE36-4B60-8AAA-FFB2A887EF81}.Release|Any CPU.ActiveCfg = Release|Any CPU
		{D8126091-DE36-4B60-8AAA-FFB2A887EF81}.Release|Any CPU.Build.0 = Release|Any CPU
		{D91AF6A3-81AE-4FAD-AF71-093803C2B445}.Debug|Any CPU.ActiveCfg = Debug|Any CPU
		{D91AF6A3-81AE-4FAD-AF71-093803C2B445}.Debug|Any CPU.Build.0 = Debug|Any CPU
		{D91AF6A3-81AE-4FAD-AF71-093803C2B445}.Release|Any CPU.ActiveCfg = Release|Any CPU
		{D91AF6A3-81AE-4FAD-AF71-093803C2B445}.Release|Any CPU.Build.0 = Release|Any CPU
		{CDE25EFA-F69C-4196-8FD2-7CE4FBEC567B}.Debug|Any CPU.ActiveCfg = Debug|Any CPU
		{CDE25EFA-F69C-4196-8FD2-7CE4FBEC567B}.Debug|Any CPU.Build.0 = Debug|Any CPU
		{CDE25EFA-F69C-4196-8FD2-7CE4FBEC567B}.Release|Any CPU.ActiveCfg = Release|Any CPU
		{CDE25EFA-F69C-4196-8FD2-7CE4FBEC567B}.Release|Any CPU.Build.0 = Release|Any CPU
		{C2E60703-60E8-4C11-BAFA-0E68053F50B0}.Debug|Any CPU.ActiveCfg = Debug|Any CPU
		{C2E60703-60E8-4C11-BAFA-0E68053F50B0}.Debug|Any CPU.Build.0 = Debug|Any CPU
		{C2E60703-60E8-4C11-BAFA-0E68053F50B0}.Release|Any CPU.ActiveCfg = Release|Any CPU
		{C2E60703-60E8-4C11-BAFA-0E68053F50B0}.Release|Any CPU.Build.0 = Release|Any CPU
		{751F3AB1-4780-41F7-80E5-7AB8424CC59C}.Debug|Any CPU.ActiveCfg = Debug|Any CPU
		{751F3AB1-4780-41F7-80E5-7AB8424CC59C}.Debug|Any CPU.Build.0 = Debug|Any CPU
		{751F3AB1-4780-41F7-80E5-7AB8424CC59C}.Release|Any CPU.ActiveCfg = Release|Any CPU
		{751F3AB1-4780-41F7-80E5-7AB8424CC59C}.Release|Any CPU.Build.0 = Release|Any CPU
	EndGlobalSection
	GlobalSection(SolutionProperties) = preSolution
		HideSolutionNode = FALSE
	EndGlobalSection
	GlobalSection(ExtensibilityGlobals) = postSolution
		SolutionGuid = {208137D9-F2E9-4182-8D20-5A94B50B5EDA}
	EndGlobalSection
EndGlobal
